
Microsoft Visual Studio Solution File, Format Version 12.00
# Visual Studio Version 17
VisualStudioVersion = 17.0.31903.59
MinimumVisualStudioVersion = 10.0.40219.1
Project("{2150E333-8FDC-42A3-9474-1A3956D46DE8}") = "Catalog", "Catalog", "{50761A8C-3A0B-6B1B-86AD-17AC9E1B806D}"
EndProject
Project("{FAE04EC0-301F-11D3-BF4B-00C04F79EFBC}") = "ItemsShop.Catalog.Features", "Catalog\ItemsShop.Catalog.Features\ItemsShop.Catalog.Features.csproj", "{41908745-6386-4DD9-A628-A59B88C0CEFB}"
EndProject
Project("{FAE04EC0-301F-11D3-BF4B-00C04F79EFBC}") = "ItemsShop.Catalog.Domain", "Catalog\ItemsShop.Catalog.Domain\ItemsShop.Catalog.Domain.csproj", "{F3CA5CA7-6B75-44E6-AF31-99AF313F23B3}"
EndProject
Project("{FAE04EC0-301F-11D3-BF4B-00C04F79EFBC}") = "ItemsShop.Catalog.Infrastructure", "Catalog\ItemsShop.Catalog.Infrastructure\ItemsShop.Catalog.Infrastructure.csproj", "{F3222067-779C-43FC-A6E5-88FBD7C9A99D}"
EndProject
Project("{2150E333-8FDC-42A3-9474-1A3956D46DE8}") = "Common", "Common", "{881589EE-639B-0A35-DBCE-5D94E4FC90C0}"
EndProject
Project("{FAE04EC0-301F-11D3-BF4B-00C04F79EFBC}") = "ItemsShop.Common.Api", "Common\ItemsShop.Common.Api\ItemsShop.Common.Api.csproj", "{4B5698FA-1EC4-4334-BB84-716DAE264274}"
EndProject
Project("{FAE04EC0-301F-11D3-BF4B-00C04F79EFBC}") = "ItemsShop.Common.Application", "Common\ItemsShop.Common.Application\ItemsShop.Common.Application.csproj", "{2BF206BA-5A08-49AE-8EDA-103C58222CD9}"
EndProject
Project("{FAE04EC0-301F-11D3-BF4B-00C04F79EFBC}") = "ItemsShop.Common.Domain", "Common\ItemsShop.Common.Domain\ItemsShop.Common.Domain.csproj", "{CF44D4A4-9A10-4AF5-9AB4-376C0911BDCC}"
EndProject
Project("{FAE04EC0-301F-11D3-BF4B-00C04F79EFBC}") = "ItemsShop.Common.Infrastructure", "Common\ItemsShop.Common.Infrastructure\ItemsShop.Common.Infrastructure.csproj", "{DF5C241E-F3F2-4382-955B-AC951BE6091E}"
EndProject
Project("{2150E333-8FDC-42A3-9474-1A3956D46DE8}") = "Solution Items", "Solution Items", "{8EC462FD-D22E-90A8-E5CE-7E832BA40C5D}"
	ProjectSection(SolutionItems) = preProject
		.env = .env
		Directory.Build.props = Directory.Build.props
		Directory.Packages.props = Directory.Packages.props
		docker-compose.development.yml = docker-compose.development.yml
		Catalog\Dockerfile = Catalog\Dockerfile
	EndProjectSection
EndProject
Global
	GlobalSection(SolutionConfigurationPlatforms) = preSolution
		Debug|Any CPU = Debug|Any CPU
		Debug|x64 = Debug|x64
		Debug|x86 = Debug|x86
		Release|Any CPU = Release|Any CPU
		Release|x64 = Release|x64
		Release|x86 = Release|x86
	EndGlobalSection
	GlobalSection(ProjectConfigurationPlatforms) = postSolution
		{4B5698FA-1EC4-4334-BB84-716DAE264274}.Debug|Any CPU.ActiveCfg = Debug|Any CPU
		{4B5698FA-1EC4-4334-BB84-716DAE264274}.Debug|Any CPU.Build.0 = Debug|Any CPU
		{4B5698FA-1EC4-4334-BB84-716DAE264274}.Debug|x64.ActiveCfg = Debug|Any CPU
		{4B5698FA-1EC4-4334-BB84-716DAE264274}.Debug|x64.Build.0 = Debug|Any CPU
		{4B5698FA-1EC4-4334-BB84-716DAE264274}.Debug|x86.ActiveCfg = Debug|Any CPU
		{4B5698FA-1EC4-4334-BB84-716DAE264274}.Debug|x86.Build.0 = Debug|Any CPU
		{4B5698FA-1EC4-4334-BB84-716DAE264274}.Release|Any CPU.ActiveCfg = Release|Any CPU
		{4B5698FA-1EC4-4334-BB84-716DAE264274}.Release|Any CPU.Build.0 = Release|Any CPU
		{4B5698FA-1EC4-4334-BB84-716DAE264274}.Release|x64.ActiveCfg = Release|Any CPU
		{4B5698FA-1EC4-4334-BB84-716DAE264274}.Release|x64.Build.0 = Release|Any CPU
		{4B5698FA-1EC4-4334-BB84-716DAE264274}.Release|x86.ActiveCfg = Release|Any CPU
		{4B5698FA-1EC4-4334-BB84-716DAE264274}.Release|x86.Build.0 = Release|Any CPU
		{CF44D4A4-9A10-4AF5-9AB4-376C0911BDCC}.Debug|Any CPU.ActiveCfg = Debug|Any CPU
		{CF44D4A4-9A10-4AF5-9AB4-376C0911BDCC}.Debug|Any CPU.Build.0 = Debug|Any CPU
		{CF44D4A4-9A10-4AF5-9AB4-376C0911BDCC}.Debug|x64.ActiveCfg = Debug|Any CPU
		{CF44D4A4-9A10-4AF5-9AB4-376C0911BDCC}.Debug|x64.Build.0 = Debug|Any CPU
		{CF44D4A4-9A10-4AF5-9AB4-376C0911BDCC}.Debug|x86.ActiveCfg = Debug|Any CPU
		{CF44D4A4-9A10-4AF5-9AB4-376C0911BDCC}.Debug|x86.Build.0 = Debug|Any CPU
		{CF44D4A4-9A10-4AF5-9AB4-376C0911BDCC}.Release|Any CPU.ActiveCfg = Release|Any CPU
		{CF44D4A4-9A10-4AF5-9AB4-376C0911BDCC}.Release|Any CPU.Build.0 = Release|Any CPU
		{CF44D4A4-9A10-4AF5-9AB4-376C0911BDCC}.Release|x64.ActiveCfg = Release|Any CPU
		{CF44D4A4-9A10-4AF5-9AB4-376C0911BDCC}.Release|x64.Build.0 = Release|Any CPU
		{CF44D4A4-9A10-4AF5-9AB4-376C0911BDCC}.Release|x86.ActiveCfg = Release|Any CPU
		{CF44D4A4-9A10-4AF5-9AB4-376C0911BDCC}.Release|x86.Build.0 = Release|Any CPU
		{DF5C241E-F3F2-4382-955B-AC951BE6091E}.Debug|Any CPU.ActiveCfg = Debug|Any CPU
		{DF5C241E-F3F2-4382-955B-AC951BE6091E}.Debug|Any CPU.Build.0 = Debug|Any CPU
		{DF5C241E-F3F2-4382-955B-AC951BE6091E}.Debug|x64.ActiveCfg = Debug|Any CPU
		{DF5C241E-F3F2-4382-955B-AC951BE6091E}.Debug|x64.Build.0 = Debug|Any CPU
		{DF5C241E-F3F2-4382-955B-AC951BE6091E}.Debug|x86.ActiveCfg = Debug|Any CPU
		{DF5C241E-F3F2-4382-955B-AC951BE6091E}.Debug|x86.Build.0 = Debug|Any CPU
		{DF5C241E-F3F2-4382-955B-AC951BE6091E}.Release|Any CPU.ActiveCfg = Release|Any CPU
		{DF5C241E-F3F2-4382-955B-AC951BE6091E}.Release|Any CPU.Build.0 = Release|Any CPU
		{DF5C241E-F3F2-4382-955B-AC951BE6091E}.Release|x64.ActiveCfg = Release|Any CPU
		{DF5C241E-F3F2-4382-955B-AC951BE6091E}.Release|x64.Build.0 = Release|Any CPU
		{DF5C241E-F3F2-4382-955B-AC951BE6091E}.Release|x86.ActiveCfg = Release|Any CPU
		{DF5C241E-F3F2-4382-955B-AC951BE6091E}.Release|x86.Build.0 = Release|Any CPU
		{41908745-6386-4DD9-A628-A59B88C0CEFB}.Debug|Any CPU.ActiveCfg = Debug|Any CPU
		{41908745-6386-4DD9-A628-A59B88C0CEFB}.Debug|Any CPU.Build.0 = Debug|Any CPU
		{41908745-6386-4DD9-A628-A59B88C0CEFB}.Debug|x64.ActiveCfg = Debug|Any CPU
		{41908745-6386-4DD9-A628-A59B88C0CEFB}.Debug|x64.Build.0 = Debug|Any CPU
		{41908745-6386-4DD9-A628-A59B88C0CEFB}.Debug|x86.ActiveCfg = Debug|Any CPU
		{41908745-6386-4DD9-A628-A59B88C0CEFB}.Debug|x86.Build.0 = Debug|Any CPU
		{41908745-6386-4DD9-A628-A59B88C0CEFB}.Release|Any CPU.ActiveCfg = Release|Any CPU
		{41908745-6386-4DD9-A628-A59B88C0CEFB}.Release|Any CPU.Build.0 = Release|Any CPU
		{41908745-6386-4DD9-A628-A59B88C0CEFB}.Release|x64.ActiveCfg = Release|Any CPU
		{41908745-6386-4DD9-A628-A59B88C0CEFB}.Release|x64.Build.0 = Release|Any CPU
		{41908745-6386-4DD9-A628-A59B88C0CEFB}.Release|x86.ActiveCfg = Release|Any CPU
		{41908745-6386-4DD9-A628-A59B88C0CEFB}.Release|x86.Build.0 = Release|Any CPU
		{2BF206BA-5A08-49AE-8EDA-103C58222CD9}.Debug|Any CPU.ActiveCfg = Debug|Any CPU
		{2BF206BA-5A08-49AE-8EDA-103C58222CD9}.Debug|Any CPU.Build.0 = Debug|Any CPU
		{2BF206BA-5A08-49AE-8EDA-103C58222CD9}.Debug|x64.ActiveCfg = Debug|Any CPU
		{2BF206BA-5A08-49AE-8EDA-103C58222CD9}.Debug|x64.Build.0 = Debug|Any CPU
		{2BF206BA-5A08-49AE-8EDA-103C58222CD9}.Debug|x86.ActiveCfg = Debug|Any CPU
		{2BF206BA-5A08-49AE-8EDA-103C58222CD9}.Debug|x86.Build.0 = Debug|Any CPU
		{2BF206BA-5A08-49AE-8EDA-103C58222CD9}.Release|Any CPU.ActiveCfg = Release|Any CPU
		{2BF206BA-5A08-49AE-8EDA-103C58222CD9}.Release|Any CPU.Build.0 = Release|Any CPU
		{2BF206BA-5A08-49AE-8EDA-103C58222CD9}.Release|x64.ActiveCfg = Release|Any CPU
		{2BF206BA-5A08-49AE-8EDA-103C58222CD9}.Release|x64.Build.0 = Release|Any CPU
		{2BF206BA-5A08-49AE-8EDA-103C58222CD9}.Release|x86.ActiveCfg = Release|Any CPU
		{2BF206BA-5A08-49AE-8EDA-103C58222CD9}.Release|x86.Build.0 = Release|Any CPU
		{F3CA5CA7-6B75-44E6-AF31-99AF313F23B3}.Debug|Any CPU.ActiveCfg = Debug|Any CPU
		{F3CA5CA7-6B75-44E6-AF31-99AF313F23B3}.Debug|Any CPU.Build.0 = Debug|Any CPU
		{F3CA5CA7-6B75-44E6-AF31-99AF313F23B3}.Debug|x64.ActiveCfg = Debug|Any CPU
		{F3CA5CA7-6B75-44E6-AF31-99AF313F23B3}.Debug|x64.Build.0 = Debug|Any CPU
		{F3CA5CA7-6B75-44E6-AF31-99AF313F23B3}.Debug|x86.ActiveCfg = Debug|Any CPU
		{F3CA5CA7-6B75-44E6-AF31-99AF313F23B3}.Debug|x86.Build.0 = Debug|Any CPU
		{F3CA5CA7-6B75-44E6-AF31-99AF313F23B3}.Release|Any CPU.ActiveCfg = Release|Any CPU
		{F3CA5CA7-6B75-44E6-AF31-99AF313F23B3}.Release|Any CPU.Build.0 = Release|Any CPU
		{F3CA5CA7-6B75-44E6-AF31-99AF313F23B3}.Release|x64.ActiveCfg = Release|Any CPU
		{F3CA5CA7-6B75-44E6-AF31-99AF313F23B3}.Release|x64.Build.0 = Release|Any CPU
		{F3CA5CA7-6B75-44E6-AF31-99AF313F23B3}.Release|x86.ActiveCfg = Release|Any CPU
		{F3CA5CA7-6B75-44E6-AF31-99AF313F23B3}.Release|x86.Build.0 = Release|Any CPU
		{F3222067-779C-43FC-A6E5-88FBD7C9A99D}.Debug|Any CPU.ActiveCfg = Debug|Any CPU
		{F3222067-779C-43FC-A6E5-88FBD7C9A99D}.Debug|Any CPU.Build.0 = Debug|Any CPU
		{F3222067-779C-43FC-A6E5-88FBD7C9A99D}.Debug|x64.ActiveCfg = Debug|Any CPU
		{F3222067-779C-43FC-A6E5-88FBD7C9A99D}.Debug|x64.Build.0 = Debug|Any CPU
		{F3222067-779C-43FC-A6E5-88FBD7C9A99D}.Debug|x86.ActiveCfg = Debug|Any CPU
		{F3222067-779C-43FC-A6E5-88FBD7C9A99D}.Debug|x86.Build.0 = Debug|Any CPU
		{F3222067-779C-43FC-A6E5-88FBD7C9A99D}.Release|Any CPU.ActiveCfg = Release|Any CPU
		{F3222067-779C-43FC-A6E5-88FBD7C9A99D}.Release|Any CPU.Build.0 = Release|Any CPU
		{F3222067-779C-43FC-A6E5-88FBD7C9A99D}.Release|x64.ActiveCfg = Release|Any CPU
		{F3222067-779C-43FC-A6E5-88FBD7C9A99D}.Release|x64.Build.0 = Release|Any CPU
		{F3222067-779C-43FC-A6E5-88FBD7C9A99D}.Release|x86.ActiveCfg = Release|Any CPU
		{F3222067-779C-43FC-A6E5-88FBD7C9A99D}.Release|x86.Build.0 = Release|Any CPU
	EndGlobalSection
	GlobalSection(SolutionProperties) = preSolution
		HideSolutionNode = FALSE
	EndGlobalSection
	GlobalSection(NestedProjects) = preSolution
		{4B5698FA-1EC4-4334-BB84-716DAE264274} = {881589EE-639B-0A35-DBCE-5D94E4FC90C0}
		{CF44D4A4-9A10-4AF5-9AB4-376C0911BDCC} = {881589EE-639B-0A35-DBCE-5D94E4FC90C0}
		{DF5C241E-F3F2-4382-955B-AC951BE6091E} = {881589EE-639B-0A35-DBCE-5D94E4FC90C0}
		{41908745-6386-4DD9-A628-A59B88C0CEFB} = {50761A8C-3A0B-6B1B-86AD-17AC9E1B806D}
		{2BF206BA-5A08-49AE-8EDA-103C58222CD9} = {881589EE-639B-0A35-DBCE-5D94E4FC90C0}
		{F3CA5CA7-6B75-44E6-AF31-99AF313F23B3} = {50761A8C-3A0B-6B1B-86AD-17AC9E1B806D}
		{F3222067-779C-43FC-A6E5-88FBD7C9A99D} = {50761A8C-3A0B-6B1B-86AD-17AC9E1B806D}
	EndGlobalSection
	GlobalSection(ExtensibilityGlobals) = postSolution
		SolutionGuid = {45CFA18D-0520-42C9-9D61-334D8CCE53B0}
	EndGlobalSection
EndGlobal
